
Microsoft Visual Studio Solution File, Format Version 12.00
# Visual Studio 15
Project("{FAE04EC0-301F-11D3-BF4B-00C04F79EFBC}") = "LdifInDepthCompare", "LdifInDepthCompare\LdifInDepthCompare.csproj", "{FC4106A5-38A7-453B-B176-6148E2C0472F}"
EndProject
Global
	GlobalSection(SolutionConfigurationPlatforms) = preSolution
		Debug|x86 = Debug|x86
		Release|x86 = Release|x86
	EndGlobalSection
	GlobalSection(ProjectConfigurationPlatforms) = postSolution
		{FC4106A5-38A7-453B-B176-6148E2C0472F}.Debug|x86.ActiveCfg = Debug|x86
		{FC4106A5-38A7-453B-B176-6148E2C0472F}.Debug|x86.Build.0 = Debug|x86
		{FC4106A5-38A7-453B-B176-6148E2C0472F}.Release|x86.ActiveCfg = Release|x86
		{FC4106A5-38A7-453B-B176-6148E2C0472F}.Release|x86.Build.0 = Release|x86
	EndGlobalSection
	GlobalSection(MonoDevelopProperties) = preSolution
		Policies = $0
		$0.VersionControlPolicy = $1
	EndGlobalSection
EndGlobal
